// !$*UTF8*$!
{
	archiveVersion = 1;
	classes = {
	};
	objectVersion = 46;
	objects = {

/* Begin PBXBuildFile section */
		315647F4C48C9CD333ACE27B /* libPods-DiscogsSearchTests.a in Frameworks */ = {isa = PBXBuildFile; fileRef = B5D7E7A3078D1C7D96EC5FDC /* libPods-DiscogsSearchTests.a */; };
		9E4D6DDB1ABF1F4A00C5289F /* main.m in Sources */ = {isa = PBXBuildFile; fileRef = 9E4D6DDA1ABF1F4A00C5289F /* main.m */; };
		9E4D6DDE1ABF1F4A00C5289F /* AppDelegate.m in Sources */ = {isa = PBXBuildFile; fileRef = 9E4D6DDD1ABF1F4A00C5289F /* AppDelegate.m */; };
		9E4D6DE11ABF1F4B00C5289F /* SearchViewController.m in Sources */ = {isa = PBXBuildFile; fileRef = 9E4D6DE01ABF1F4B00C5289F /* SearchViewController.m */; };
		9E4D6DE61ABF1F4B00C5289F /* Images.xcassets in Resources */ = {isa = PBXBuildFile; fileRef = 9E4D6DE51ABF1F4B00C5289F /* Images.xcassets */; };
		9E4D6DE91ABF1F4B00C5289F /* LaunchScreen.xib in Resources */ = {isa = PBXBuildFile; fileRef = 9E4D6DE71ABF1F4B00C5289F /* LaunchScreen.xib */; };
		9E4D6DF51ABF1F4B00C5289F /* SearchViewControllerTests.m in Sources */ = {isa = PBXBuildFile; fileRef = 9E4D6DF41ABF1F4B00C5289F /* SearchViewControllerTests.m */; };
		9E4D6E001ABF231800C5289F /* SearchManager.m in Sources */ = {isa = PBXBuildFile; fileRef = 9E4D6DFF1ABF231800C5289F /* SearchManager.m */; };
		9E4D6E041ABF25B200C5289F /* SearchItemsPresenter.m in Sources */ = {isa = PBXBuildFile; fileRef = 9E4D6E031ABF25B200C5289F /* SearchItemsPresenter.m */; };
		9E7B5F8A1ABF45190087D045 /* NetworkRequestsFactory.m in Sources */ = {isa = PBXBuildFile; fileRef = 9E7B5F891ABF45190087D045 /* NetworkRequestsFactory.m */; };
		9E7B5F8E1ABF4AA30087D045 /* NetworkManager.m in Sources */ = {isa = PBXBuildFile; fileRef = 9E7B5F8D1ABF4AA30087D045 /* NetworkManager.m */; };
		9E7B5F9B1ABF5B9D0087D045 /* Artist.m in Sources */ = {isa = PBXBuildFile; fileRef = 9E7B5F9A1ABF5B9D0087D045 /* Artist.m */; };
		9E7B5F9E1ABF5BE00087D045 /* Master.m in Sources */ = {isa = PBXBuildFile; fileRef = 9E7B5F9D1ABF5BE00087D045 /* Master.m */; };
		9E7B5FA81ABF5D920087D045 /* Release.m in Sources */ = {isa = PBXBuildFile; fileRef = 9E7B5FA71ABF5D920087D045 /* Release.m */; };
		9E7B5FAB1ABF5D9F0087D045 /* Label.m in Sources */ = {isa = PBXBuildFile; fileRef = 9E7B5FAA1ABF5D9F0087D045 /* Label.m */; };
		9E7B5FB11ABF5EFA0087D045 /* SearchResponseSerializer.m in Sources */ = {isa = PBXBuildFile; fileRef = 9E7B5FB01ABF5EFA0087D045 /* SearchResponseSerializer.m */; };
		9E7B5FB41ABF63DB0087D045 /* Item.m in Sources */ = {isa = PBXBuildFile; fileRef = 9E7B5FB31ABF63DB0087D045 /* Item.m */; };
		9E7B5FB71ABF6F1B0087D045 /* SearchItemCell.m in Sources */ = {isa = PBXBuildFile; fileRef = 9E7B5FB61ABF6F1B0087D045 /* SearchItemCell.m */; };
		9E7B5FBB1ABF75280087D045 /* ArtistViewController.m in Sources */ = {isa = PBXBuildFile; fileRef = 9E7B5FBA1ABF75280087D045 /* ArtistViewController.m */; };
		9E7B5FBD1ABF79680087D045 /* SearchViewController.xib in Resources */ = {isa = PBXBuildFile; fileRef = 9E7B5FBC1ABF79680087D045 /* SearchViewController.xib */; };
		9E7B5FBF1ABF7BCB0087D045 /* SearchItemCell.xib in Resources */ = {isa = PBXBuildFile; fileRef = 9E7B5FBE1ABF7BCB0087D045 /* SearchItemCell.xib */; };
		9E7B5FC11ABF7E040087D045 /* ArtistViewController.xib in Resources */ = {isa = PBXBuildFile; fileRef = 9E7B5FC01ABF7E040087D045 /* ArtistViewController.xib */; };
		9E7B5FC51ABF81BE0087D045 /* MasterViewController.m in Sources */ = {isa = PBXBuildFile; fileRef = 9E7B5FC31ABF81BE0087D045 /* MasterViewController.m */; };
		9E7B5FC61ABF81BE0087D045 /* MasterViewController.xib in Resources */ = {isa = PBXBuildFile; fileRef = 9E7B5FC41ABF81BE0087D045 /* MasterViewController.xib */; };
		BC32062B2B81CA3CAFFC890E /* libPods.a in Frameworks */ = {isa = PBXBuildFile; fileRef = 62D82483B28181D07A7AD6AF /* libPods.a */; };
/* End PBXBuildFile section */

/* Begin PBXContainerItemProxy section */
		9E4D6DEF1ABF1F4B00C5289F /* PBXContainerItemProxy */ = {
			isa = PBXContainerItemProxy;
			containerPortal = 9E4D6DCD1ABF1F4A00C5289F /* Project object */;
			proxyType = 1;
			remoteGlobalIDString = 9E4D6DD41ABF1F4A00C5289F;
			remoteInfo = DiscogsSearch;
		};
/* End PBXContainerItemProxy section */

/* Begin PBXFileReference section */
		0E73CD3C34B0B9303EC9C2E2 /* Pods.release.xcconfig */ = {isa = PBXFileReference; includeInIndex = 1; lastKnownFileType = text.xcconfig; name = Pods.release.xcconfig; path = "Pods/Target Support Files/Pods/Pods.release.xcconfig"; sourceTree = "<group>"; };
		101255212EAB237E215F01DC /* Pods.debug.xcconfig */ = {isa = PBXFileReference; includeInIndex = 1; lastKnownFileType = text.xcconfig; name = Pods.debug.xcconfig; path = "Pods/Target Support Files/Pods/Pods.debug.xcconfig"; sourceTree = "<group>"; };
		61B92DA7E014B4E7D37FF459 /* Pods-DiscogsSearchTests.release.xcconfig */ = {isa = PBXFileReference; includeInIndex = 1; lastKnownFileType = text.xcconfig; name = "Pods-DiscogsSearchTests.release.xcconfig"; path = "Pods/Target Support Files/Pods-DiscogsSearchTests/Pods-DiscogsSearchTests.release.xcconfig"; sourceTree = "<group>"; };
		62D82483B28181D07A7AD6AF /* libPods.a */ = {isa = PBXFileReference; explicitFileType = archive.ar; includeInIndex = 0; path = libPods.a; sourceTree = BUILT_PRODUCTS_DIR; };
		9E4D6DD51ABF1F4A00C5289F /* DiscogsSearch.app */ = {isa = PBXFileReference; explicitFileType = wrapper.application; includeInIndex = 0; path = DiscogsSearch.app; sourceTree = BUILT_PRODUCTS_DIR; };
		9E4D6DD91ABF1F4A00C5289F /* Info.plist */ = {isa = PBXFileReference; lastKnownFileType = text.plist.xml; path = Info.plist; sourceTree = "<group>"; };
		9E4D6DDA1ABF1F4A00C5289F /* main.m */ = {isa = PBXFileReference; lastKnownFileType = sourcecode.c.objc; path = main.m; sourceTree = "<group>"; };
		9E4D6DDC1ABF1F4A00C5289F /* AppDelegate.h */ = {isa = PBXFileReference; lastKnownFileType = sourcecode.c.h; path = AppDelegate.h; sourceTree = "<group>"; };
		9E4D6DDD1ABF1F4A00C5289F /* AppDelegate.m */ = {isa = PBXFileReference; lastKnownFileType = sourcecode.c.objc; path = AppDelegate.m; sourceTree = "<group>"; };
		9E4D6DDF1ABF1F4B00C5289F /* SearchViewController.h */ = {isa = PBXFileReference; lastKnownFileType = sourcecode.c.h; path = SearchViewController.h; sourceTree = "<group>"; };
		9E4D6DE01ABF1F4B00C5289F /* SearchViewController.m */ = {isa = PBXFileReference; lastKnownFileType = sourcecode.c.objc; path = SearchViewController.m; sourceTree = "<group>"; };
		9E4D6DE51ABF1F4B00C5289F /* Images.xcassets */ = {isa = PBXFileReference; lastKnownFileType = folder.assetcatalog; path = Images.xcassets; sourceTree = "<group>"; };
		9E4D6DE81ABF1F4B00C5289F /* Base */ = {isa = PBXFileReference; lastKnownFileType = file.xib; name = Base; path = Base.lproj/LaunchScreen.xib; sourceTree = "<group>"; };
		9E4D6DEE1ABF1F4B00C5289F /* DiscogsSearchTests.xctest */ = {isa = PBXFileReference; explicitFileType = wrapper.cfbundle; includeInIndex = 0; path = DiscogsSearchTests.xctest; sourceTree = BUILT_PRODUCTS_DIR; };
		9E4D6DF31ABF1F4B00C5289F /* Info.plist */ = {isa = PBXFileReference; lastKnownFileType = text.plist.xml; path = Info.plist; sourceTree = "<group>"; };
		9E4D6DF41ABF1F4B00C5289F /* SearchViewControllerTests.m */ = {isa = PBXFileReference; lastKnownFileType = sourcecode.c.objc; path = SearchViewControllerTests.m; sourceTree = "<group>"; };
		9E4D6DFE1ABF231800C5289F /* SearchManager.h */ = {isa = PBXFileReference; fileEncoding = 4; lastKnownFileType = sourcecode.c.h; path = SearchManager.h; sourceTree = "<group>"; };
		9E4D6DFF1ABF231800C5289F /* SearchManager.m */ = {isa = PBXFileReference; fileEncoding = 4; lastKnownFileType = sourcecode.c.objc; path = SearchManager.m; sourceTree = "<group>"; };
		9E4D6E021ABF25B200C5289F /* SearchItemsPresenter.h */ = {isa = PBXFileReference; fileEncoding = 4; lastKnownFileType = sourcecode.c.h; path = SearchItemsPresenter.h; sourceTree = "<group>"; };
		9E4D6E031ABF25B200C5289F /* SearchItemsPresenter.m */ = {isa = PBXFileReference; fileEncoding = 4; lastKnownFileType = sourcecode.c.objc; path = SearchItemsPresenter.m; sourceTree = "<group>"; };
		9E7B5F881ABF45190087D045 /* NetworkRequestsFactory.h */ = {isa = PBXFileReference; fileEncoding = 4; lastKnownFileType = sourcecode.c.h; path = NetworkRequestsFactory.h; sourceTree = "<group>"; };
		9E7B5F891ABF45190087D045 /* NetworkRequestsFactory.m */ = {isa = PBXFileReference; fileEncoding = 4; lastKnownFileType = sourcecode.c.objc; path = NetworkRequestsFactory.m; sourceTree = "<group>"; };
		9E7B5F8B1ABF45860087D045 /* NetworkConstants.h */ = {isa = PBXFileReference; lastKnownFileType = sourcecode.c.h; path = NetworkConstants.h; sourceTree = "<group>"; };
		9E7B5F8C1ABF4AA30087D045 /* NetworkManager.h */ = {isa = PBXFileReference; fileEncoding = 4; lastKnownFileType = sourcecode.c.h; path = NetworkManager.h; sourceTree = "<group>"; };
		9E7B5F8D1ABF4AA30087D045 /* NetworkManager.m */ = {isa = PBXFileReference; fileEncoding = 4; lastKnownFileType = sourcecode.c.objc; path = NetworkManager.m; sourceTree = "<group>"; };
		9E7B5F951ABF4CA90087D045 /* NetworkResponseSerializer.h */ = {isa = PBXFileReference; fileEncoding = 4; lastKnownFileType = sourcecode.c.h; path = NetworkResponseSerializer.h; sourceTree = "<group>"; };
		9E7B5F991ABF5B9D0087D045 /* Artist.h */ = {isa = PBXFileReference; fileEncoding = 4; lastKnownFileType = sourcecode.c.h; path = Artist.h; sourceTree = "<group>"; };
		9E7B5F9A1ABF5B9D0087D045 /* Artist.m */ = {isa = PBXFileReference; fileEncoding = 4; lastKnownFileType = sourcecode.c.objc; path = Artist.m; sourceTree = "<group>"; };
		9E7B5F9C1ABF5BE00087D045 /* Master.h */ = {isa = PBXFileReference; fileEncoding = 4; lastKnownFileType = sourcecode.c.h; path = Master.h; sourceTree = "<group>"; };
		9E7B5F9D1ABF5BE00087D045 /* Master.m */ = {isa = PBXFileReference; fileEncoding = 4; lastKnownFileType = sourcecode.c.objc; path = Master.m; sourceTree = "<group>"; };
		9E7B5FA61ABF5D920087D045 /* Release.h */ = {isa = PBXFileReference; fileEncoding = 4; lastKnownFileType = sourcecode.c.h; path = Release.h; sourceTree = "<group>"; };
		9E7B5FA71ABF5D920087D045 /* Release.m */ = {isa = PBXFileReference; fileEncoding = 4; lastKnownFileType = sourcecode.c.objc; path = Release.m; sourceTree = "<group>"; };
		9E7B5FA91ABF5D9F0087D045 /* Label.h */ = {isa = PBXFileReference; fileEncoding = 4; lastKnownFileType = sourcecode.c.h; path = Label.h; sourceTree = "<group>"; };
		9E7B5FAA1ABF5D9F0087D045 /* Label.m */ = {isa = PBXFileReference; fileEncoding = 4; lastKnownFileType = sourcecode.c.objc; path = Label.m; sourceTree = "<group>"; };
		9E7B5FAF1ABF5EFA0087D045 /* SearchResponseSerializer.h */ = {isa = PBXFileReference; fileEncoding = 4; lastKnownFileType = sourcecode.c.h; path = SearchResponseSerializer.h; sourceTree = "<group>"; };
		9E7B5FB01ABF5EFA0087D045 /* SearchResponseSerializer.m */ = {isa = PBXFileReference; fileEncoding = 4; lastKnownFileType = sourcecode.c.objc; path = SearchResponseSerializer.m; sourceTree = "<group>"; };
		9E7B5FB21ABF63DB0087D045 /* Item.h */ = {isa = PBXFileReference; fileEncoding = 4; lastKnownFileType = sourcecode.c.h; path = Item.h; sourceTree = "<group>"; };
		9E7B5FB31ABF63DB0087D045 /* Item.m */ = {isa = PBXFileReference; fileEncoding = 4; lastKnownFileType = sourcecode.c.objc; path = Item.m; sourceTree = "<group>"; };
		9E7B5FB51ABF6F1B0087D045 /* SearchItemCell.h */ = {isa = PBXFileReference; fileEncoding = 4; lastKnownFileType = sourcecode.c.h; path = SearchItemCell.h; sourceTree = "<group>"; };
		9E7B5FB61ABF6F1B0087D045 /* SearchItemCell.m */ = {isa = PBXFileReference; fileEncoding = 4; lastKnownFileType = sourcecode.c.objc; path = SearchItemCell.m; sourceTree = "<group>"; };
		9E7B5FB91ABF75280087D045 /* ArtistViewController.h */ = {isa = PBXFileReference; fileEncoding = 4; lastKnownFileType = sourcecode.c.h; path = ArtistViewController.h; sourceTree = "<group>"; };
		9E7B5FBA1ABF75280087D045 /* ArtistViewController.m */ = {isa = PBXFileReference; fileEncoding = 4; lastKnownFileType = sourcecode.c.objc; path = ArtistViewController.m; sourceTree = "<group>"; };
		9E7B5FBC1ABF79680087D045 /* SearchViewController.xib */ = {isa = PBXFileReference; fileEncoding = 4; lastKnownFileType = file.xib; path = SearchViewController.xib; sourceTree = "<group>"; };
		9E7B5FBE1ABF7BCB0087D045 /* SearchItemCell.xib */ = {isa = PBXFileReference; fileEncoding = 4; lastKnownFileType = file.xib; path = SearchItemCell.xib; sourceTree = "<group>"; };
		9E7B5FC01ABF7E040087D045 /* ArtistViewController.xib */ = {isa = PBXFileReference; fileEncoding = 4; lastKnownFileType = file.xib; path = ArtistViewController.xib; sourceTree = "<group>"; };
		9E7B5FC21ABF81BE0087D045 /* MasterViewController.h */ = {isa = PBXFileReference; fileEncoding = 4; lastKnownFileType = sourcecode.c.h; path = MasterViewController.h; sourceTree = "<group>"; };
		9E7B5FC31ABF81BE0087D045 /* MasterViewController.m */ = {isa = PBXFileReference; fileEncoding = 4; lastKnownFileType = sourcecode.c.objc; path = MasterViewController.m; sourceTree = "<group>"; };
		9E7B5FC41ABF81BE0087D045 /* MasterViewController.xib */ = {isa = PBXFileReference; fileEncoding = 4; lastKnownFileType = file.xib; path = MasterViewController.xib; sourceTree = "<group>"; };
		B5D7E7A3078D1C7D96EC5FDC /* libPods-DiscogsSearchTests.a */ = {isa = PBXFileReference; explicitFileType = archive.ar; includeInIndex = 0; path = "libPods-DiscogsSearchTests.a"; sourceTree = BUILT_PRODUCTS_DIR; };
		EC4D66A7E66952D9D1C0DB02 /* Pods-DiscogsSearchTests.debug.xcconfig */ = {isa = PBXFileReference; includeInIndex = 1; lastKnownFileType = text.xcconfig; name = "Pods-DiscogsSearchTests.debug.xcconfig"; path = "Pods/Target Support Files/Pods-DiscogsSearchTests/Pods-DiscogsSearchTests.debug.xcconfig"; sourceTree = "<group>"; };
/* End PBXFileReference section */

/* Begin PBXFrameworksBuildPhase section */
		9E4D6DD21ABF1F4A00C5289F /* Frameworks */ = {
			isa = PBXFrameworksBuildPhase;
			buildActionMask = 2147483647;
			files = (
				BC32062B2B81CA3CAFFC890E /* libPods.a in Frameworks */,
			);
			runOnlyForDeploymentPostprocessing = 0;
		};
		9E4D6DEB1ABF1F4B00C5289F /* Frameworks */ = {
			isa = PBXFrameworksBuildPhase;
			buildActionMask = 2147483647;
			files = (
				315647F4C48C9CD333ACE27B /* libPods-DiscogsSearchTests.a in Frameworks */,
			);
			runOnlyForDeploymentPostprocessing = 0;
		};
/* End PBXFrameworksBuildPhase section */

/* Begin PBXGroup section */
		4DECF3F1FEDB669BBB9CCF19 /* Frameworks */ = {
			isa = PBXGroup;
			children = (
				62D82483B28181D07A7AD6AF /* libPods.a */,
				B5D7E7A3078D1C7D96EC5FDC /* libPods-DiscogsSearchTests.a */,
			);
			name = Frameworks;
			sourceTree = "<group>";
		};
		9E4D6DCC1ABF1F4A00C5289F = {
			isa = PBXGroup;
			children = (
				9E4D6DD71ABF1F4A00C5289F /* DiscogsSearch */,
				9E4D6DF11ABF1F4B00C5289F /* DiscogsSearchTests */,
				9E4D6DD61ABF1F4A00C5289F /* Products */,
				B7674396D56709EE49FD7CA9 /* Pods */,
				4DECF3F1FEDB669BBB9CCF19 /* Frameworks */,
			);
			sourceTree = "<group>";
		};
		9E4D6DD61ABF1F4A00C5289F /* Products */ = {
			isa = PBXGroup;
			children = (
				9E4D6DD51ABF1F4A00C5289F /* DiscogsSearch.app */,
				9E4D6DEE1ABF1F4B00C5289F /* DiscogsSearchTests.xctest */,
			);
			name = Products;
			sourceTree = "<group>";
		};
		9E4D6DD71ABF1F4A00C5289F /* DiscogsSearch */ = {
			isa = PBXGroup;
			children = (
				9E7B5F871ABF44F90087D045 /* Networking */,
				9E4D6E011ABF231D00C5289F /* Search */,
				9E7B5FB81ABF74F30087D045 /* Details */,
				9E7B5F981ABF5B850087D045 /* Models */,
				9E4D6DDC1ABF1F4A00C5289F /* AppDelegate.h */,
				9E4D6DDD1ABF1F4A00C5289F /* AppDelegate.m */,
				9E4D6DE51ABF1F4B00C5289F /* Images.xcassets */,
				9E4D6DE71ABF1F4B00C5289F /* LaunchScreen.xib */,
				9E4D6DD81ABF1F4A00C5289F /* Supporting Files */,
			);
			path = DiscogsSearch;
			sourceTree = "<group>";
		};
		9E4D6DD81ABF1F4A00C5289F /* Supporting Files */ = {
			isa = PBXGroup;
			children = (
				9E4D6DD91ABF1F4A00C5289F /* Info.plist */,
				9E4D6DDA1ABF1F4A00C5289F /* main.m */,
			);
			name = "Supporting Files";
			sourceTree = "<group>";
		};
		9E4D6DF11ABF1F4B00C5289F /* DiscogsSearchTests */ = {
			isa = PBXGroup;
			children = (
				9E4D6DF41ABF1F4B00C5289F /* SearchViewControllerTests.m */,
				9E4D6DF21ABF1F4B00C5289F /* Supporting Files */,
			);
			path = DiscogsSearchTests;
			sourceTree = "<group>";
		};
		9E4D6DF21ABF1F4B00C5289F /* Supporting Files */ = {
			isa = PBXGroup;
			children = (
				9E4D6DF31ABF1F4B00C5289F /* Info.plist */,
			);
			name = "Supporting Files";
			sourceTree = "<group>";
		};
		9E4D6E011ABF231D00C5289F /* Search */ = {
			isa = PBXGroup;
			children = (
				9E4D6DDF1ABF1F4B00C5289F /* SearchViewController.h */,
				9E4D6DE01ABF1F4B00C5289F /* SearchViewController.m */,
				9E7B5FBC1ABF79680087D045 /* SearchViewController.xib */,
				9E4D6DFE1ABF231800C5289F /* SearchManager.h */,
				9E4D6DFF1ABF231800C5289F /* SearchManager.m */,
				9E4D6E021ABF25B200C5289F /* SearchItemsPresenter.h */,
				9E4D6E031ABF25B200C5289F /* SearchItemsPresenter.m */,
				9E7B5FB51ABF6F1B0087D045 /* SearchItemCell.h */,
				9E7B5FB61ABF6F1B0087D045 /* SearchItemCell.m */,
				9E7B5FBE1ABF7BCB0087D045 /* SearchItemCell.xib */,
			);
			name = Search;
			sourceTree = "<group>";
		};
		9E7B5F871ABF44F90087D045 /* Networking */ = {
			isa = PBXGroup;
			children = (
				9E7B5F8B1ABF45860087D045 /* NetworkConstants.h */,
				9E7B5F8C1ABF4AA30087D045 /* NetworkManager.h */,
				9E7B5F8D1ABF4AA30087D045 /* NetworkManager.m */,
				9E7B5FAE1ABF5EC10087D045 /* RequestSerializing */,
				9E7B5FAD1ABF5E9B0087D045 /* ResponseSerializing */,
			);
			name = Networking;
			sourceTree = "<group>";
		};
		9E7B5F981ABF5B850087D045 /* Models */ = {
			isa = PBXGroup;
			children = (
				9E7B5FB21ABF63DB0087D045 /* Item.h */,
				9E7B5FB31ABF63DB0087D045 /* Item.m */,
				9E7B5F991ABF5B9D0087D045 /* Artist.h */,
				9E7B5F9A1ABF5B9D0087D045 /* Artist.m */,
				9E7B5F9C1ABF5BE00087D045 /* Master.h */,
				9E7B5F9D1ABF5BE00087D045 /* Master.m */,
				9E7B5FA61ABF5D920087D045 /* Release.h */,
				9E7B5FA71ABF5D920087D045 /* Release.m */,
				9E7B5FA91ABF5D9F0087D045 /* Label.h */,
				9E7B5FAA1ABF5D9F0087D045 /* Label.m */,
			);
			name = Models;
			sourceTree = "<group>";
		};
		9E7B5FAD1ABF5E9B0087D045 /* ResponseSerializing */ = {
			isa = PBXGroup;
			children = (
				9E7B5F951ABF4CA90087D045 /* NetworkResponseSerializer.h */,
				9E7B5FAF1ABF5EFA0087D045 /* SearchResponseSerializer.h */,
				9E7B5FB01ABF5EFA0087D045 /* SearchResponseSerializer.m */,
			);
			name = ResponseSerializing;
			sourceTree = "<group>";
		};
		9E7B5FAE1ABF5EC10087D045 /* RequestSerializing */ = {
			isa = PBXGroup;
			children = (
				9E7B5F881ABF45190087D045 /* NetworkRequestsFactory.h */,
				9E7B5F891ABF45190087D045 /* NetworkRequestsFactory.m */,
			);
			name = RequestSerializing;
			sourceTree = "<group>";
		};
		9E7B5FB81ABF74F30087D045 /* Details */ = {
			isa = PBXGroup;
			children = (
				9E7B5FB91ABF75280087D045 /* ArtistViewController.h */,
				9E7B5FBA1ABF75280087D045 /* ArtistViewController.m */,
				9E7B5FC01ABF7E040087D045 /* ArtistViewController.xib */,
				9E7B5FC21ABF81BE0087D045 /* MasterViewController.h */,
				9E7B5FC31ABF81BE0087D045 /* MasterViewController.m */,
				9E7B5FC41ABF81BE0087D045 /* MasterViewController.xib */,
			);
			name = Details;
			sourceTree = "<group>";
		};
		B7674396D56709EE49FD7CA9 /* Pods */ = {
			isa = PBXGroup;
			children = (
				101255212EAB237E215F01DC /* Pods.debug.xcconfig */,
				0E73CD3C34B0B9303EC9C2E2 /* Pods.release.xcconfig */,
				EC4D66A7E66952D9D1C0DB02 /* Pods-DiscogsSearchTests.debug.xcconfig */,
				61B92DA7E014B4E7D37FF459 /* Pods-DiscogsSearchTests.release.xcconfig */,
			);
			name = Pods;
			sourceTree = "<group>";
		};
/* End PBXGroup section */

/* Begin PBXNativeTarget section */
		9E4D6DD41ABF1F4A00C5289F /* DiscogsSearch */ = {
			isa = PBXNativeTarget;
			buildConfigurationList = 9E4D6DF81ABF1F4B00C5289F /* Build configuration list for PBXNativeTarget "DiscogsSearch" */;
			buildPhases = (
				C368206A699C6A864DDC6B1B /* Check Pods Manifest.lock */,
				9E4D6DD11ABF1F4A00C5289F /* Sources */,
				9E4D6DD21ABF1F4A00C5289F /* Frameworks */,
				9E4D6DD31ABF1F4A00C5289F /* Resources */,
				DA2B0A40BDF6A95E6AEE7D84 /* Copy Pods Resources */,
			);
			buildRules = (
			);
			dependencies = (
			);
			name = DiscogsSearch;
			productName = DiscogsSearch;
			productReference = 9E4D6DD51ABF1F4A00C5289F /* DiscogsSearch.app */;
			productType = "com.apple.product-type.application";
		};
		9E4D6DED1ABF1F4B00C5289F /* DiscogsSearchTests */ = {
			isa = PBXNativeTarget;
			buildConfigurationList = 9E4D6DFB1ABF1F4B00C5289F /* Build configuration list for PBXNativeTarget "DiscogsSearchTests" */;
			buildPhases = (
				50CB2FA3F98FBC69962FEA72 /* Check Pods Manifest.lock */,
				9E4D6DEA1ABF1F4B00C5289F /* Sources */,
				9E4D6DEB1ABF1F4B00C5289F /* Frameworks */,
				9E4D6DEC1ABF1F4B00C5289F /* Resources */,
				44DCCFC026D51EB9A83F0D93 /* Copy Pods Resources */,
			);
			buildRules = (
			);
			dependencies = (
				9E4D6DF01ABF1F4B00C5289F /* PBXTargetDependency */,
			);
			name = DiscogsSearchTests;
			productName = DiscogsSearchTests;
			productReference = 9E4D6DEE1ABF1F4B00C5289F /* DiscogsSearchTests.xctest */;
			productType = "com.apple.product-type.bundle.unit-test";
		};
/* End PBXNativeTarget section */

/* Begin PBXProject section */
		9E4D6DCD1ABF1F4A00C5289F /* Project object */ = {
			isa = PBXProject;
			attributes = {
				LastUpgradeCheck = 0620;
				ORGANIZATIONNAME = "Ievgeniy Kirpichenko";
				TargetAttributes = {
					9E4D6DD41ABF1F4A00C5289F = {
						CreatedOnToolsVersion = 6.2;
					};
					9E4D6DED1ABF1F4B00C5289F = {
						CreatedOnToolsVersion = 6.2;
						TestTargetID = 9E4D6DD41ABF1F4A00C5289F;
					};
				};
			};
			buildConfigurationList = 9E4D6DD01ABF1F4A00C5289F /* Build configuration list for PBXProject "DiscogsSearch" */;
			compatibilityVersion = "Xcode 3.2";
			developmentRegion = English;
			hasScannedForEncodings = 0;
			knownRegions = (
				en,
				Base,
			);
			mainGroup = 9E4D6DCC1ABF1F4A00C5289F;
			productRefGroup = 9E4D6DD61ABF1F4A00C5289F /* Products */;
			projectDirPath = "";
			projectRoot = "";
			targets = (
				9E4D6DD41ABF1F4A00C5289F /* DiscogsSearch */,
				9E4D6DED1ABF1F4B00C5289F /* DiscogsSearchTests */,
			);
		};
/* End PBXProject section */

/* Begin PBXResourcesBuildPhase section */
		9E4D6DD31ABF1F4A00C5289F /* Resources */ = {
			isa = PBXResourcesBuildPhase;
			buildActionMask = 2147483647;
			files = (
				9E7B5FBF1ABF7BCB0087D045 /* SearchItemCell.xib in Resources */,
				9E4D6DE91ABF1F4B00C5289F /* LaunchScreen.xib in Resources */,
				9E7B5FC61ABF81BE0087D045 /* MasterViewController.xib in Resources */,
				9E7B5FBD1ABF79680087D045 /* SearchViewController.xib in Resources */,
				9E7B5FC11ABF7E040087D045 /* ArtistViewController.xib in Resources */,
				9E4D6DE61ABF1F4B00C5289F /* Images.xcassets in Resources */,
			);
			runOnlyForDeploymentPostprocessing = 0;
		};
		9E4D6DEC1ABF1F4B00C5289F /* Resources */ = {
			isa = PBXResourcesBuildPhase;
			buildActionMask = 2147483647;
			files = (
			);
			runOnlyForDeploymentPostprocessing = 0;
		};
/* End PBXResourcesBuildPhase section */

/* Begin PBXShellScriptBuildPhase section */
		44DCCFC026D51EB9A83F0D93 /* Copy Pods Resources */ = {
			isa = PBXShellScriptBuildPhase;
			buildActionMask = 2147483647;
			files = (
			);
			inputPaths = (
			);
			name = "Copy Pods Resources";
			outputPaths = (
			);
			runOnlyForDeploymentPostprocessing = 0;
			shellPath = /bin/sh;
			shellScript = "\"${SRCROOT}/Pods/Target Support Files/Pods-DiscogsSearchTests/Pods-DiscogsSearchTests-resources.sh\"\n";
			showEnvVarsInLog = 0;
		};
		50CB2FA3F98FBC69962FEA72 /* Check Pods Manifest.lock */ = {
			isa = PBXShellScriptBuildPhase;
			buildActionMask = 2147483647;
			files = (
			);
			inputPaths = (
			);
			name = "Check Pods Manifest.lock";
			outputPaths = (
			);
			runOnlyForDeploymentPostprocessing = 0;
			shellPath = /bin/sh;
			shellScript = "diff \"${PODS_ROOT}/../Podfile.lock\" \"${PODS_ROOT}/Manifest.lock\" > /dev/null\nif [[ $? != 0 ]] ; then\n    cat << EOM\nerror: The sandbox is not in sync with the Podfile.lock. Run 'pod install' or update your CocoaPods installation.\nEOM\n    exit 1\nfi\n";
			showEnvVarsInLog = 0;
		};
		C368206A699C6A864DDC6B1B /* Check Pods Manifest.lock */ = {
			isa = PBXShellScriptBuildPhase;
			buildActionMask = 2147483647;
			files = (
			);
			inputPaths = (
			);
			name = "Check Pods Manifest.lock";
			outputPaths = (
			);
			runOnlyForDeploymentPostprocessing = 0;
			shellPath = /bin/sh;
			shellScript = "diff \"${PODS_ROOT}/../Podfile.lock\" \"${PODS_ROOT}/Manifest.lock\" > /dev/null\nif [[ $? != 0 ]] ; then\n    cat << EOM\nerror: The sandbox is not in sync with the Podfile.lock. Run 'pod install' or update your CocoaPods installation.\nEOM\n    exit 1\nfi\n";
			showEnvVarsInLog = 0;
		};
		DA2B0A40BDF6A95E6AEE7D84 /* Copy Pods Resources */ = {
			isa = PBXShellScriptBuildPhase;
			buildActionMask = 2147483647;
			files = (
			);
			inputPaths = (
			);
			name = "Copy Pods Resources";
			outputPaths = (
			);
			runOnlyForDeploymentPostprocessing = 0;
			shellPath = /bin/sh;
			shellScript = "\"${SRCROOT}/Pods/Target Support Files/Pods/Pods-resources.sh\"\n";
			showEnvVarsInLog = 0;
		};
/* End PBXShellScriptBuildPhase section */

/* Begin PBXSourcesBuildPhase section */
		9E4D6DD11ABF1F4A00C5289F /* Sources */ = {
			isa = PBXSourcesBuildPhase;
			buildActionMask = 2147483647;
			files = (
				9E7B5FB41ABF63DB0087D045 /* Item.m in Sources */,
				9E4D6DE11ABF1F4B00C5289F /* SearchViewController.m in Sources */,
				9E7B5F8E1ABF4AA30087D045 /* NetworkManager.m in Sources */,
				9E7B5FA81ABF5D920087D045 /* Release.m in Sources */,
				9E7B5FBB1ABF75280087D045 /* ArtistViewController.m in Sources */,
				9E7B5FB71ABF6F1B0087D045 /* SearchItemCell.m in Sources */,
				9E4D6DDE1ABF1F4A00C5289F /* AppDelegate.m in Sources */,
				9E4D6DDB1ABF1F4A00C5289F /* main.m in Sources */,
				9E7B5FAB1ABF5D9F0087D045 /* Label.m in Sources */,
				9E4D6E001ABF231800C5289F /* SearchManager.m in Sources */,
				9E7B5F8A1ABF45190087D045 /* NetworkRequestsFactory.m in Sources */,
				9E7B5F9B1ABF5B9D0087D045 /* Artist.m in Sources */,
				9E7B5FC51ABF81BE0087D045 /* MasterViewController.m in Sources */,
				9E7B5FB11ABF5EFA0087D045 /* SearchResponseSerializer.m in Sources */,
				9E4D6E041ABF25B200C5289F /* SearchItemsPresenter.m in Sources */,
				9E7B5F9E1ABF5BE00087D045 /* Master.m in Sources */,
			);
			runOnlyForDeploymentPostprocessing = 0;
		};
		9E4D6DEA1ABF1F4B00C5289F /* Sources */ = {
			isa = PBXSourcesBuildPhase;
			buildActionMask = 2147483647;
			files = (
				9E4D6DF51ABF1F4B00C5289F /* SearchViewControllerTests.m in Sources */,
			);
			runOnlyForDeploymentPostprocessing = 0;
		};
/* End PBXSourcesBuildPhase section */

/* Begin PBXTargetDependency section */
		9E4D6DF01ABF1F4B00C5289F /* PBXTargetDependency */ = {
			isa = PBXTargetDependency;
			target = 9E4D6DD41ABF1F4A00C5289F /* DiscogsSearch */;
			targetProxy = 9E4D6DEF1ABF1F4B00C5289F /* PBXContainerItemProxy */;
		};
/* End PBXTargetDependency section */

/* Begin PBXVariantGroup section */
		9E4D6DE71ABF1F4B00C5289F /* LaunchScreen.xib */ = {
			isa = PBXVariantGroup;
			children = (
				9E4D6DE81ABF1F4B00C5289F /* Base */,
			);
			name = LaunchScreen.xib;
			sourceTree = "<group>";
		};
/* End PBXVariantGroup section */

/* Begin XCBuildConfiguration section */
		9E4D6DF61ABF1F4B00C5289F /* Debug */ = {
			isa = XCBuildConfiguration;
			buildSettings = {
				ALWAYS_SEARCH_USER_PATHS = NO;
				CLANG_CXX_LANGUAGE_STANDARD = "gnu++0x";
				CLANG_CXX_LIBRARY = "libc++";
				CLANG_ENABLE_MODULES = YES;
				CLANG_ENABLE_OBJC_ARC = YES;
				CLANG_WARN_BOOL_CONVERSION = YES;
				CLANG_WARN_CONSTANT_CONVERSION = YES;
				CLANG_WARN_DIRECT_OBJC_ISA_USAGE = YES_ERROR;
				CLANG_WARN_EMPTY_BODY = YES;
				CLANG_WARN_ENUM_CONVERSION = YES;
				CLANG_WARN_INT_CONVERSION = YES;
				CLANG_WARN_OBJC_ROOT_CLASS = YES_ERROR;
				CLANG_WARN_UNREACHABLE_CODE = YES;
				CLANG_WARN__DUPLICATE_METHOD_MATCH = YES;
				"CODE_SIGN_IDENTITY[sdk=iphoneos*]" = "iPhone Developer";
				COPY_PHASE_STRIP = NO;
				ENABLE_STRICT_OBJC_MSGSEND = YES;
				GCC_C_LANGUAGE_STANDARD = gnu99;
				GCC_DYNAMIC_NO_PIC = NO;
				GCC_OPTIMIZATION_LEVEL = 0;
				GCC_PREPROCESSOR_DEFINITIONS = (
					"DEBUG=1",
					"$(inherited)",
				);
				GCC_SYMBOLS_PRIVATE_EXTERN = NO;
				GCC_WARN_64_TO_32_BIT_CONVERSION = YES;
				GCC_WARN_ABOUT_RETURN_TYPE = YES_ERROR;
				GCC_WARN_UNDECLARED_SELECTOR = YES;
				GCC_WARN_UNINITIALIZED_AUTOS = YES_AGGRESSIVE;
				GCC_WARN_UNUSED_FUNCTION = YES;
				GCC_WARN_UNUSED_VARIABLE = YES;
				IPHONEOS_DEPLOYMENT_TARGET = 8.2;
				MTL_ENABLE_DEBUG_INFO = YES;
				ONLY_ACTIVE_ARCH = YES;
				SDKROOT = iphoneos;
			};
			name = Debug;
		};
		9E4D6DF71ABF1F4B00C5289F /* Release */ = {
			isa = XCBuildConfiguration;
			buildSettings = {
				ALWAYS_SEARCH_USER_PATHS = NO;
				CLANG_CXX_LANGUAGE_STANDARD = "gnu++0x";
				CLANG_CXX_LIBRARY = "libc++";
				CLANG_ENABLE_MODULES = YES;
				CLANG_ENABLE_OBJC_ARC = YES;
				CLANG_WARN_BOOL_CONVERSION = YES;
				CLANG_WARN_CONSTANT_CONVERSION = YES;
				CLANG_WARN_DIRECT_OBJC_ISA_USAGE = YES_ERROR;
				CLANG_WARN_EMPTY_BODY = YES;
				CLANG_WARN_ENUM_CONVERSION = YES;
				CLANG_WARN_INT_CONVERSION = YES;
				CLANG_WARN_OBJC_ROOT_CLASS = YES_ERROR;
				CLANG_WARN_UNREACHABLE_CODE = YES;
				CLANG_WARN__DUPLICATE_METHOD_MATCH = YES;
				"CODE_SIGN_IDENTITY[sdk=iphoneos*]" = "iPhone Developer";
				COPY_PHASE_STRIP = NO;
				ENABLE_NS_ASSERTIONS = NO;
				ENABLE_STRICT_OBJC_MSGSEND = YES;
				GCC_C_LANGUAGE_STANDARD = gnu99;
				GCC_WARN_64_TO_32_BIT_CONVERSION = YES;
				GCC_WARN_ABOUT_RETURN_TYPE = YES_ERROR;
				GCC_WARN_UNDECLARED_SELECTOR = YES;
				GCC_WARN_UNINITIALIZED_AUTOS = YES_AGGRESSIVE;
				GCC_WARN_UNUSED_FUNCTION = YES;
				GCC_WARN_UNUSED_VARIABLE = YES;
				IPHONEOS_DEPLOYMENT_TARGET = 8.2;
				MTL_ENABLE_DEBUG_INFO = NO;
				SDKROOT = iphoneos;
				VALIDATE_PRODUCT = YES;
			};
			name = Release;
		};
		9E4D6DF91ABF1F4B00C5289F /* Debug */ = {
			isa = XCBuildConfiguration;
			baseConfigurationReference = 101255212EAB237E215F01DC /* Pods.debug.xcconfig */;
			buildSettings = {
				ASSETCATALOG_COMPILER_APPICON_NAME = AppIcon;
				INFOPLIST_FILE = DiscogsSearch/Info.plist;
				LD_RUNPATH_SEARCH_PATHS = "$(inherited) @executable_path/Frameworks";
				PRODUCT_NAME = "$(TARGET_NAME)";
			};
			name = Debug;
		};
		9E4D6DFA1ABF1F4B00C5289F /* Release */ = {
			isa = XCBuildConfiguration;
			baseConfigurationReference = 0E73CD3C34B0B9303EC9C2E2 /* Pods.release.xcconfig */;
			buildSettings = {
				ASSETCATALOG_COMPILER_APPICON_NAME = AppIcon;
				INFOPLIST_FILE = DiscogsSearch/Info.plist;
				LD_RUNPATH_SEARCH_PATHS = "$(inherited) @executable_path/Frameworks";
				PRODUCT_NAME = "$(TARGET_NAME)";
			};
			name = Release;
		};
		9E4D6DFC1ABF1F4B00C5289F /* Debug */ = {
			isa = XCBuildConfiguration;
			baseConfigurationReference = EC4D66A7E66952D9D1C0DB02 /* Pods-DiscogsSearchTests.debug.xcconfig */;
			buildSettings = {
				BUNDLE_LOADER = "$(TEST_HOST)";
				FRAMEWORK_SEARCH_PATHS = (
					"$(SDKROOT)/Developer/Library/Frameworks",
					"$(inherited)",
				);
				GCC_PREPROCESSOR_DEFINITIONS = (
					"DEBUG=1",
					"$(inherited)",
				);
				INFOPLIST_FILE = DiscogsSearchTests/Info.plist;
				LD_RUNPATH_SEARCH_PATHS = "$(inherited) @executable_path/Frameworks @loader_path/Frameworks";
				PRODUCT_NAME = "$(TARGET_NAME)";
				TEST_HOST = "$(BUILT_PRODUCTS_DIR)/DiscogsSearch.app/DiscogsSearch";
			};
			name = Debug;
		};
		9E4D6DFD1ABF1F4B00C5289F /* Release */ = {
			isa = XCBuildConfiguration;
			baseConfigurationReference = 61B92DA7E014B4E7D37FF459 /* Pods-DiscogsSearchTests.release.xcconfig */;
			buildSettings = {
				BUNDLE_LOADER = "$(TEST_HOST)";
				FRAMEWORK_SEARCH_PATHS = (
					"$(SDKROOT)/Developer/Library/Frameworks",
					"$(inherited)",
				);
				INFOPLIST_FILE = DiscogsSearchTests/Info.plist;
				LD_RUNPATH_SEARCH_PATHS = "$(inherited) @executable_path/Frameworks @loader_path/Frameworks";
				PRODUCT_NAME = "$(TARGET_NAME)";
				TEST_HOST = "$(BUILT_PRODUCTS_DIR)/DiscogsSearch.app/DiscogsSearch";
			};
			name = Release;
		};
/* End XCBuildConfiguration section */

/* Begin XCConfigurationList section */
		9E4D6DD01ABF1F4A00C5289F /* Build configuration list for PBXProject "DiscogsSearch" */ = {
			isa = XCConfigurationList;
			buildConfigurations = (
				9E4D6DF61ABF1F4B00C5289F /* Debug */,
				9E4D6DF71ABF1F4B00C5289F /* Release */,
			);
			defaultConfigurationIsVisible = 0;
			defaultConfigurationName = Release;
		};
		9E4D6DF81ABF1F4B00C5289F /* Build configuration list for PBXNativeTarget "DiscogsSearch" */ = {
			isa = XCConfigurationList;
			buildConfigurations = (
				9E4D6DF91ABF1F4B00C5289F /* Debug */,
				9E4D6DFA1ABF1F4B00C5289F /* Release */,
			);
			defaultConfigurationIsVisible = 0;
			defaultConfigurationName = Release;
		};
		9E4D6DFB1ABF1F4B00C5289F /* Build configuration list for PBXNativeTarget "DiscogsSearchTests" */ = {
			isa = XCConfigurationList;
			buildConfigurations = (
				9E4D6DFC1ABF1F4B00C5289F /* Debug */,
				9E4D6DFD1ABF1F4B00C5289F /* Release */,
			);
			defaultConfigurationIsVisible = 0;
			defaultConfigurationName = Release;
		};
/* End XCConfigurationList section */
	};
	rootObject = 9E4D6DCD1ABF1F4A00C5289F /* Project object */;
}
